// !$*UTF8*$!
{
	archiveVersion = 1;
	classes = {
	};
	objectVersion = 50;
	objects = {

/* Begin PBXBuildFile section */
		F3ADDC8C7DEB753DEC457DFF /* Pods_Youtube.framework in Frameworks */ = {isa = PBXBuildFile; fileRef = 748212319AF92A5414E02F49 /* Pods_Youtube.framework */; };
		F4072C4823ACF9A600BA0D8C /* Video.swift in Sources */ = {isa = PBXBuildFile; fileRef = F4072C4723ACF9A600BA0D8C /* Video.swift */; };
		F4072C4A23AD05EA00BA0D8C /* Channel.swift in Sources */ = {isa = PBXBuildFile; fileRef = F4072C4923AD05EA00BA0D8C /* Channel.swift */; };
		F4072C4C23AD446800BA0D8C /* home.json in Resources */ = {isa = PBXBuildFile; fileRef = F4072C4B23AD446800BA0D8C /* home.json */; };
		F40C515C23B2844C00293AAB /* MenuBarParentDelegate.swift in Sources */ = {isa = PBXBuildFile; fileRef = F40C515B23B2844C00293AAB /* MenuBarParentDelegate.swift */; };
		F40C515E23B3AC5A00293AAB /* FeedCollectionViewCell.swift in Sources */ = {isa = PBXBuildFile; fileRef = F40C515D23B3AC5A00293AAB /* FeedCollectionViewCell.swift */; };
		F40C516023B4DFB300293AAB /* TrendingCollectionViewCell.swift in Sources */ = {isa = PBXBuildFile; fileRef = F40C515F23B4DFB300293AAB /* TrendingCollectionViewCell.swift */; };
		F40C516223B4F0FB00293AAB /* SubscriptionsCollectionViewCell.swift in Sources */ = {isa = PBXBuildFile; fileRef = F40C516123B4F0FB00293AAB /* SubscriptionsCollectionViewCell.swift */; };
		F40C516423B4F11000293AAB /* LibraryCollectionViewCell.swift in Sources */ = {isa = PBXBuildFile; fileRef = F40C516323B4F11000293AAB /* LibraryCollectionViewCell.swift */; };
		F41CF1CD23ABE6A5003DDD0B /* MenuCollectionViewCell.swift in Sources */ = {isa = PBXBuildFile; fileRef = F41CF1CC23ABE6A5003DDD0B /* MenuCollectionViewCell.swift */; };
		F41CF1CF23ABE738003DDD0B /* BaseCollectionViewCell.swift in Sources */ = {isa = PBXBuildFile; fileRef = F41CF1CE23ABE738003DDD0B /* BaseCollectionViewCell.swift */; };
		F41CF1D123ABEFA9003DDD0B /* MenuBarOptions.swift in Sources */ = {isa = PBXBuildFile; fileRef = F41CF1D023ABEFA9003DDD0B /* MenuBarOptions.swift */; };
		F427F9FE23B58D2700A16562 /* subscriptions.json in Resources */ = {isa = PBXBuildFile; fileRef = F427F9FC23B58D2700A16562 /* subscriptions.json */; };
		F427F9FF23B58D2700A16562 /* trending.json in Resources */ = {isa = PBXBuildFile; fileRef = F427F9FD23B58D2700A16562 /* trending.json */; };
		F43CF58323ABAC5E00A02973 /* UIColor_Extension.swift in Sources */ = {isa = PBXBuildFile; fileRef = F43CF58223ABAC5E00A02973 /* UIColor_Extension.swift */; };
		F43CF58623ABB25300A02973 /* MenuBar.swift in Sources */ = {isa = PBXBuildFile; fileRef = F43CF58523ABB25300A02973 /* MenuBar.swift */; };
		F44055D523A65E710062F44C /* AppDelegate.swift in Sources */ = {isa = PBXBuildFile; fileRef = F44055D423A65E710062F44C /* AppDelegate.swift */; };
		F44055D723A65E710062F44C /* SceneDelegate.swift in Sources */ = {isa = PBXBuildFile; fileRef = F44055D623A65E710062F44C /* SceneDelegate.swift */; };
		F44055DC23A65E710062F44C /* Main.storyboard in Resources */ = {isa = PBXBuildFile; fileRef = F44055DA23A65E710062F44C /* Main.storyboard */; };
		F44055DE23A65E710062F44C /* Assets.xcassets in Resources */ = {isa = PBXBuildFile; fileRef = F44055DD23A65E710062F44C /* Assets.xcassets */; };
		F44055E123A65E710062F44C /* LaunchScreen.storyboard in Resources */ = {isa = PBXBuildFile; fileRef = F44055DF23A65E710062F44C /* LaunchScreen.storyboard */; };
		F44055E923A664E00062F44C /* HomeViewController.swift in Sources */ = {isa = PBXBuildFile; fileRef = F44055E823A664E00062F44C /* HomeViewController.swift */; };
		F44055F223A669010062F44C /* VideoCollectionViewCell.swift in Sources */ = {isa = PBXBuildFile; fileRef = F44055F123A669010062F44C /* VideoCollectionViewCell.swift */; };
		F445D37523A6782B0066B916 /* UIView_Extension.swift in Sources */ = {isa = PBXBuildFile; fileRef = F445D37423A6782B0066B916 /* UIView_Extension.swift */; };
		F4828C8723ADB4AF0047481C /* AlamofireRequest.swift in Sources */ = {isa = PBXBuildFile; fileRef = F4828C8623ADB4AF0047481C /* AlamofireRequest.swift */; };
		F4828C8923ADB70A0047481C /* Result.swift in Sources */ = {isa = PBXBuildFile; fileRef = F4828C8823ADB70A0047481C /* Result.swift */; };
		F4828C8B23ADB7DF0047481C /* VideoAPIClientManager.swift in Sources */ = {isa = PBXBuildFile; fileRef = F4828C8A23ADB7DF0047481C /* VideoAPIClientManager.swift */; };
		F4828C8E23ADB81A0047481C /* VideoAPI.swift in Sources */ = {isa = PBXBuildFile; fileRef = F4828C8D23ADB81A0047481C /* VideoAPI.swift */; };
		F490A0B023AEF22D000E40B1 /* UIImageViewLoader.swift in Sources */ = {isa = PBXBuildFile; fileRef = F490A0AF23AEF22D000E40B1 /* UIImageViewLoader.swift */; };
		F4D61EB923AECA59001D9596 /* ImageClientManager.swift in Sources */ = {isa = PBXBuildFile; fileRef = F4D61EB823AECA59001D9596 /* ImageClientManager.swift */; };
		F4D61EBB23AECB5B001D9596 /* ImageAPI.swift in Sources */ = {isa = PBXBuildFile; fileRef = F4D61EBA23AECB5B001D9596 /* ImageAPI.swift */; };
		F4DE58FA23AFF195006B7478 /* SettingsLauncher.swift in Sources */ = {isa = PBXBuildFile; fileRef = F4DE58F923AFF195006B7478 /* SettingsLauncher.swift */; };
		F4DE58FC23B00F68006B7478 /* SetttingsCollectionViewCell.swift in Sources */ = {isa = PBXBuildFile; fileRef = F4DE58FB23B00F68006B7478 /* SetttingsCollectionViewCell.swift */; };
		F4DE58FE23B01868006B7478 /* SettingsMenuOptions.swift in Sources */ = {isa = PBXBuildFile; fileRef = F4DE58FD23B01868006B7478 /* SettingsMenuOptions.swift */; };
		F4F7A01B23B0F9FF00B8EB16 /* NavigationBuilder.swift in Sources */ = {isa = PBXBuildFile; fileRef = F4F7A01A23B0F9FF00B8EB16 /* NavigationBuilder.swift */; };
		F4F7A01E23B0FB7B00B8EB16 /* SettingsViewController.swift in Sources */ = {isa = PBXBuildFile; fileRef = F4F7A01D23B0FB7B00B8EB16 /* SettingsViewController.swift */; };
		F4F7A02023B0FB9800B8EB16 /* PolicyViewController.swift in Sources */ = {isa = PBXBuildFile; fileRef = F4F7A01F23B0FB9800B8EB16 /* PolicyViewController.swift */; };
		F4F7A02223B0FBA600B8EB16 /* FeedbackViewController.swift in Sources */ = {isa = PBXBuildFile; fileRef = F4F7A02123B0FBA600B8EB16 /* FeedbackViewController.swift */; };
		F4F7A02423B0FBB400B8EB16 /* HelpViewController.swift in Sources */ = {isa = PBXBuildFile; fileRef = F4F7A02323B0FBB400B8EB16 /* HelpViewController.swift */; };
		F4F7A02623B0FBC400B8EB16 /* SwitchAccountViewController.swift in Sources */ = {isa = PBXBuildFile; fileRef = F4F7A02523B0FBC400B8EB16 /* SwitchAccountViewController.swift */; };
		F4F7A02923B0FEA700B8EB16 /* HomeViewControllerNavigationDelegate.swift in Sources */ = {isa = PBXBuildFile; fileRef = F4F7A02823B0FEA700B8EB16 /* HomeViewControllerNavigationDelegate.swift */; };
		F4F7A02B23B1007E00B8EB16 /* BaseMenuViewController.swift in Sources */ = {isa = PBXBuildFile; fileRef = F4F7A02A23B1007E00B8EB16 /* BaseMenuViewController.swift */; };
/* End PBXBuildFile section */

/* Begin PBXFileReference section */
		0F5F3D01372C0A5584212322 /* Pods-Youtube.release.xcconfig */ = {isa = PBXFileReference; includeInIndex = 1; lastKnownFileType = text.xcconfig; name = "Pods-Youtube.release.xcconfig"; path = "Pods/Target Support Files/Pods-Youtube/Pods-Youtube.release.xcconfig"; sourceTree = "<group>"; };
		748212319AF92A5414E02F49 /* Pods_Youtube.framework */ = {isa = PBXFileReference; explicitFileType = wrapper.framework; includeInIndex = 0; path = Pods_Youtube.framework; sourceTree = BUILT_PRODUCTS_DIR; };
		F4072C4723ACF9A600BA0D8C /* Video.swift */ = {isa = PBXFileReference; lastKnownFileType = sourcecode.swift; path = Video.swift; sourceTree = "<group>"; };
		F4072C4923AD05EA00BA0D8C /* Channel.swift */ = {isa = PBXFileReference; lastKnownFileType = sourcecode.swift; path = Channel.swift; sourceTree = "<group>"; };
		F4072C4B23AD446800BA0D8C /* home.json */ = {isa = PBXFileReference; fileEncoding = 4; lastKnownFileType = text.json; path = home.json; sourceTree = "<group>"; };
		F40C515B23B2844C00293AAB /* MenuBarParentDelegate.swift */ = {isa = PBXFileReference; lastKnownFileType = sourcecode.swift; path = MenuBarParentDelegate.swift; sourceTree = "<group>"; };
		F40C515D23B3AC5A00293AAB /* FeedCollectionViewCell.swift */ = {isa = PBXFileReference; lastKnownFileType = sourcecode.swift; path = FeedCollectionViewCell.swift; sourceTree = "<group>"; };
		F40C515F23B4DFB300293AAB /* TrendingCollectionViewCell.swift */ = {isa = PBXFileReference; lastKnownFileType = sourcecode.swift; path = TrendingCollectionViewCell.swift; sourceTree = "<group>"; };
		F40C516123B4F0FB00293AAB /* SubscriptionsCollectionViewCell.swift */ = {isa = PBXFileReference; lastKnownFileType = sourcecode.swift; path = SubscriptionsCollectionViewCell.swift; sourceTree = "<group>"; };
		F40C516323B4F11000293AAB /* LibraryCollectionViewCell.swift */ = {isa = PBXFileReference; lastKnownFileType = sourcecode.swift; path = LibraryCollectionViewCell.swift; sourceTree = "<group>"; };
		F41CF1CC23ABE6A5003DDD0B /* MenuCollectionViewCell.swift */ = {isa = PBXFileReference; lastKnownFileType = sourcecode.swift; path = MenuCollectionViewCell.swift; sourceTree = "<group>"; };
		F41CF1CE23ABE738003DDD0B /* BaseCollectionViewCell.swift */ = {isa = PBXFileReference; lastKnownFileType = sourcecode.swift; path = BaseCollectionViewCell.swift; sourceTree = "<group>"; };
		F41CF1D023ABEFA9003DDD0B /* MenuBarOptions.swift */ = {isa = PBXFileReference; lastKnownFileType = sourcecode.swift; path = MenuBarOptions.swift; sourceTree = "<group>"; };
		F427F9FC23B58D2700A16562 /* subscriptions.json */ = {isa = PBXFileReference; fileEncoding = 4; lastKnownFileType = text.json; path = subscriptions.json; sourceTree = "<group>"; };
		F427F9FD23B58D2700A16562 /* trending.json */ = {isa = PBXFileReference; fileEncoding = 4; lastKnownFileType = text.json; path = trending.json; sourceTree = "<group>"; };
		F43CF58223ABAC5E00A02973 /* UIColor_Extension.swift */ = {isa = PBXFileReference; lastKnownFileType = sourcecode.swift; path = UIColor_Extension.swift; sourceTree = "<group>"; };
		F43CF58523ABB25300A02973 /* MenuBar.swift */ = {isa = PBXFileReference; lastKnownFileType = sourcecode.swift; path = MenuBar.swift; sourceTree = "<group>"; };
		F44055D123A65E710062F44C /* Youtube.app */ = {isa = PBXFileReference; explicitFileType = wrapper.application; includeInIndex = 0; path = Youtube.app; sourceTree = BUILT_PRODUCTS_DIR; };
		F44055D423A65E710062F44C /* AppDelegate.swift */ = {isa = PBXFileReference; lastKnownFileType = sourcecode.swift; path = AppDelegate.swift; sourceTree = "<group>"; };
		F44055D623A65E710062F44C /* SceneDelegate.swift */ = {isa = PBXFileReference; lastKnownFileType = sourcecode.swift; path = SceneDelegate.swift; sourceTree = "<group>"; };
		F44055DB23A65E710062F44C /* Base */ = {isa = PBXFileReference; lastKnownFileType = file.storyboard; name = Base; path = Base.lproj/Main.storyboard; sourceTree = "<group>"; };
		F44055DD23A65E710062F44C /* Assets.xcassets */ = {isa = PBXFileReference; lastKnownFileType = folder.assetcatalog; path = Assets.xcassets; sourceTree = "<group>"; };
		F44055E023A65E710062F44C /* Base */ = {isa = PBXFileReference; lastKnownFileType = file.storyboard; name = Base; path = Base.lproj/LaunchScreen.storyboard; sourceTree = "<group>"; };
		F44055E223A65E710062F44C /* Info.plist */ = {isa = PBXFileReference; lastKnownFileType = text.plist.xml; path = Info.plist; sourceTree = "<group>"; };
		F44055E823A664E00062F44C /* HomeViewController.swift */ = {isa = PBXFileReference; lastKnownFileType = sourcecode.swift; path = HomeViewController.swift; sourceTree = "<group>"; };
		F44055F123A669010062F44C /* VideoCollectionViewCell.swift */ = {isa = PBXFileReference; lastKnownFileType = sourcecode.swift; path = VideoCollectionViewCell.swift; sourceTree = "<group>"; };
		F445D37423A6782B0066B916 /* UIView_Extension.swift */ = {isa = PBXFileReference; lastKnownFileType = sourcecode.swift; path = UIView_Extension.swift; sourceTree = "<group>"; };
		F4828C8623ADB4AF0047481C /* AlamofireRequest.swift */ = {isa = PBXFileReference; lastKnownFileType = sourcecode.swift; path = AlamofireRequest.swift; sourceTree = "<group>"; };
		F4828C8823ADB70A0047481C /* Result.swift */ = {isa = PBXFileReference; lastKnownFileType = sourcecode.swift; path = Result.swift; sourceTree = "<group>"; };
		F4828C8A23ADB7DF0047481C /* VideoAPIClientManager.swift */ = {isa = PBXFileReference; lastKnownFileType = sourcecode.swift; path = VideoAPIClientManager.swift; sourceTree = "<group>"; };
		F4828C8D23ADB81A0047481C /* VideoAPI.swift */ = {isa = PBXFileReference; lastKnownFileType = sourcecode.swift; path = VideoAPI.swift; sourceTree = "<group>"; };
		F485012123ADBB3100252144 /* Alamofire.framework */ = {isa = PBXFileReference; explicitFileType = wrapper.framework; path = Alamofire.framework; sourceTree = BUILT_PRODUCTS_DIR; };
		F490A0AF23AEF22D000E40B1 /* UIImageViewLoader.swift */ = {isa = PBXFileReference; lastKnownFileType = sourcecode.swift; path = UIImageViewLoader.swift; sourceTree = "<group>"; };
		F4D61EB823AECA59001D9596 /* ImageClientManager.swift */ = {isa = PBXFileReference; lastKnownFileType = sourcecode.swift; path = ImageClientManager.swift; sourceTree = "<group>"; };
		F4D61EBA23AECB5B001D9596 /* ImageAPI.swift */ = {isa = PBXFileReference; lastKnownFileType = sourcecode.swift; path = ImageAPI.swift; sourceTree = "<group>"; };
		F4DE58F923AFF195006B7478 /* SettingsLauncher.swift */ = {isa = PBXFileReference; lastKnownFileType = sourcecode.swift; path = SettingsLauncher.swift; sourceTree = "<group>"; };
		F4DE58FB23B00F68006B7478 /* SetttingsCollectionViewCell.swift */ = {isa = PBXFileReference; lastKnownFileType = sourcecode.swift; path = SetttingsCollectionViewCell.swift; sourceTree = "<group>"; };
		F4DE58FD23B01868006B7478 /* SettingsMenuOptions.swift */ = {isa = PBXFileReference; lastKnownFileType = sourcecode.swift; path = SettingsMenuOptions.swift; sourceTree = "<group>"; };
		F4F7A01A23B0F9FF00B8EB16 /* NavigationBuilder.swift */ = {isa = PBXFileReference; lastKnownFileType = sourcecode.swift; path = NavigationBuilder.swift; sourceTree = "<group>"; };
		F4F7A01D23B0FB7B00B8EB16 /* SettingsViewController.swift */ = {isa = PBXFileReference; lastKnownFileType = sourcecode.swift; path = SettingsViewController.swift; sourceTree = "<group>"; };
		F4F7A01F23B0FB9800B8EB16 /* PolicyViewController.swift */ = {isa = PBXFileReference; lastKnownFileType = sourcecode.swift; path = PolicyViewController.swift; sourceTree = "<group>"; };
		F4F7A02123B0FBA600B8EB16 /* FeedbackViewController.swift */ = {isa = PBXFileReference; lastKnownFileType = sourcecode.swift; path = FeedbackViewController.swift; sourceTree = "<group>"; };
		F4F7A02323B0FBB400B8EB16 /* HelpViewController.swift */ = {isa = PBXFileReference; lastKnownFileType = sourcecode.swift; path = HelpViewController.swift; sourceTree = "<group>"; };
		F4F7A02523B0FBC400B8EB16 /* SwitchAccountViewController.swift */ = {isa = PBXFileReference; lastKnownFileType = sourcecode.swift; path = SwitchAccountViewController.swift; sourceTree = "<group>"; };
		F4F7A02823B0FEA700B8EB16 /* HomeViewControllerNavigationDelegate.swift */ = {isa = PBXFileReference; lastKnownFileType = sourcecode.swift; path = HomeViewControllerNavigationDelegate.swift; sourceTree = "<group>"; };
		F4F7A02A23B1007E00B8EB16 /* BaseMenuViewController.swift */ = {isa = PBXFileReference; lastKnownFileType = sourcecode.swift; path = BaseMenuViewController.swift; sourceTree = "<group>"; };
		F56AB1295A2E5D9FD34C8CA0 /* Pods-Youtube.debug.xcconfig */ = {isa = PBXFileReference; includeInIndex = 1; lastKnownFileType = text.xcconfig; name = "Pods-Youtube.debug.xcconfig"; path = "Pods/Target Support Files/Pods-Youtube/Pods-Youtube.debug.xcconfig"; sourceTree = "<group>"; };
/* End PBXFileReference section */

/* Begin PBXFrameworksBuildPhase section */
		F44055CE23A65E710062F44C /* Frameworks */ = {
			isa = PBXFrameworksBuildPhase;
			buildActionMask = 2147483647;
			files = (
				F3ADDC8C7DEB753DEC457DFF /* Pods_Youtube.framework in Frameworks */,
			);
			runOnlyForDeploymentPostprocessing = 0;
		};
/* End PBXFrameworksBuildPhase section */

/* Begin PBXGroup section */
		8BF4D8599F533AF67182A0D5 /* Frameworks */ = {
			isa = PBXGroup;
			children = (
				F485012123ADBB3100252144 /* Alamofire.framework */,
				748212319AF92A5414E02F49 /* Pods_Youtube.framework */,
			);
			name = Frameworks;
			sourceTree = "<group>";
		};
		EEEE7D6877EE6A74B7099B86 /* Pods */ = {
			isa = PBXGroup;
			children = (
				F56AB1295A2E5D9FD34C8CA0 /* Pods-Youtube.debug.xcconfig */,
				0F5F3D01372C0A5584212322 /* Pods-Youtube.release.xcconfig */,
			);
			name = Pods;
			sourceTree = "<group>";
		};
		F43CF58423ABB20200A02973 /* Custom */ = {
			isa = PBXGroup;
			children = (
				F43CF58523ABB25300A02973 /* MenuBar.swift */,
			);
			path = Custom;
			sourceTree = "<group>";
		};
		F44055C823A65E710062F44C = {
			isa = PBXGroup;
			children = (
				F44055D323A65E710062F44C /* Youtube */,
				F44055D223A65E710062F44C /* Products */,
				EEEE7D6877EE6A74B7099B86 /* Pods */,
				8BF4D8599F533AF67182A0D5 /* Frameworks */,
			);
			sourceTree = "<group>";
		};
		F44055D223A65E710062F44C /* Products */ = {
			isa = PBXGroup;
			children = (
				F44055D123A65E710062F44C /* Youtube.app */,
			);
			name = Products;
			sourceTree = "<group>";
		};
		F44055D323A65E710062F44C /* Youtube */ = {
			isa = PBXGroup;
			children = (
				F4828C8423ADB4980047481C /* Service */,
				F44055EE23A6684E0062F44C /* Common */,
				F44055ED23A668470062F44C /* Resources */,
				F44055EC23A6682F0062F44C /* Model */,
				F44055EB23A6682A0062F44C /* View */,
				F44055EA23A668190062F44C /* Controller */,
			);
			path = Youtube;
			sourceTree = "<group>";
		};
		F44055EA23A668190062F44C /* Controller */ = {
			isa = PBXGroup;
			children = (
				F4F7A02723B0FE8F00B8EB16 /* Protocols */,
				F4F7A01C23B0FB5700B8EB16 /* SettingsMenuFlow */,
				F44055F023A668A40062F44C /* Cell */,
				F44055D423A65E710062F44C /* AppDelegate.swift */,
				F44055D623A65E710062F44C /* SceneDelegate.swift */,
				F44055E823A664E00062F44C /* HomeViewController.swift */,
				F4DE58F923AFF195006B7478 /* SettingsLauncher.swift */,
			);
			path = Controller;
			sourceTree = "<group>";
		};
		F44055EB23A6682A0062F44C /* View */ = {
			isa = PBXGroup;
			children = (
				F43CF58423ABB20200A02973 /* Custom */,
				F44055EF23A668590062F44C /* StoryBoards */,
			);
			path = View;
			sourceTree = "<group>";
		};
		F44055EC23A6682F0062F44C /* Model */ = {
			isa = PBXGroup;
			children = (
				F41CF1D023ABEFA9003DDD0B /* MenuBarOptions.swift */,
				F4072C4723ACF9A600BA0D8C /* Video.swift */,
				F4072C4923AD05EA00BA0D8C /* Channel.swift */,
				F4DE58FD23B01868006B7478 /* SettingsMenuOptions.swift */,
			);
			path = Model;
			sourceTree = "<group>";
		};
		F44055ED23A668470062F44C /* Resources */ = {
			isa = PBXGroup;
			children = (
				F4072C4B23AD446800BA0D8C /* home.json */,
				F427F9FC23B58D2700A16562 /* subscriptions.json */,
				F427F9FD23B58D2700A16562 /* trending.json */,
				F44055DD23A65E710062F44C /* Assets.xcassets */,
				F44055E223A65E710062F44C /* Info.plist */,
			);
			path = Resources;
			sourceTree = "<group>";
		};
		F44055EE23A6684E0062F44C /* Common */ = {
			isa = PBXGroup;
			children = (
				F4D61EBC23AECE55001D9596 /* Utils */,
				F445D37323A6780E0066B916 /* Extensions */,
			);
			path = Common;
			sourceTree = "<group>";
		};
		F44055EF23A668590062F44C /* StoryBoards */ = {
			isa = PBXGroup;
			children = (
				F44055DA23A65E710062F44C /* Main.storyboard */,
				F44055DF23A65E710062F44C /* LaunchScreen.storyboard */,
			);
			path = StoryBoards;
			sourceTree = "<group>";
		};
		F44055F023A668A40062F44C /* Cell */ = {
			isa = PBXGroup;
			children = (
				F41CF1CE23ABE738003DDD0B /* BaseCollectionViewCell.swift */,
				F44055F123A669010062F44C /* VideoCollectionViewCell.swift */,
				F41CF1CC23ABE6A5003DDD0B /* MenuCollectionViewCell.swift */,
				F4DE58FB23B00F68006B7478 /* SetttingsCollectionViewCell.swift */,
				F40C515D23B3AC5A00293AAB /* FeedCollectionViewCell.swift */,
				F40C515F23B4DFB300293AAB /* TrendingCollectionViewCell.swift */,
				F40C516123B4F0FB00293AAB /* SubscriptionsCollectionViewCell.swift */,
				F40C516323B4F11000293AAB /* LibraryCollectionViewCell.swift */,
			);
			path = Cell;
			sourceTree = "<group>";
		};
		F445D37323A6780E0066B916 /* Extensions */ = {
			isa = PBXGroup;
			children = (
				F445D37423A6782B0066B916 /* UIView_Extension.swift */,
				F43CF58223ABAC5E00A02973 /* UIColor_Extension.swift */,
				F490A0AF23AEF22D000E40B1 /* UIImageViewLoader.swift */,
			);
			path = Extensions;
			sourceTree = "<group>";
		};
		F4828C8423ADB4980047481C /* Service */ = {
			isa = PBXGroup;
			children = (
				F4828C8C23ADB8080047481C /* API */,
				F4828C8523ADB4A40047481C /* Network */,
			);
			path = Service;
			sourceTree = "<group>";
		};
		F4828C8523ADB4A40047481C /* Network */ = {
			isa = PBXGroup;
			children = (
				F4828C8623ADB4AF0047481C /* AlamofireRequest.swift */,
				F4828C8823ADB70A0047481C /* Result.swift */,
			);
			path = Network;
			sourceTree = "<group>";
		};
		F4828C8C23ADB8080047481C /* API */ = {
			isa = PBXGroup;
			children = (
				F4828C8A23ADB7DF0047481C /* VideoAPIClientManager.swift */,
				F4828C8D23ADB81A0047481C /* VideoAPI.swift */,
				F4D61EB823AECA59001D9596 /* ImageClientManager.swift */,
				F4D61EBA23AECB5B001D9596 /* ImageAPI.swift */,
			);
			path = API;
			sourceTree = "<group>";
		};
		F4D61EBC23AECE55001D9596 /* Utils */ = {
			isa = PBXGroup;
			children = (
				F4F7A01A23B0F9FF00B8EB16 /* NavigationBuilder.swift */,
			);
			path = Utils;
			sourceTree = "<group>";
		};
		F4F7A01C23B0FB5700B8EB16 /* SettingsMenuFlow */ = {
			isa = PBXGroup;
			children = (
				F4F7A02A23B1007E00B8EB16 /* BaseMenuViewController.swift */,
				F4F7A01D23B0FB7B00B8EB16 /* SettingsViewController.swift */,
				F4F7A01F23B0FB9800B8EB16 /* PolicyViewController.swift */,
				F4F7A02123B0FBA600B8EB16 /* FeedbackViewController.swift */,
				F4F7A02323B0FBB400B8EB16 /* HelpViewController.swift */,
				F4F7A02523B0FBC400B8EB16 /* SwitchAccountViewController.swift */,
			);
			path = SettingsMenuFlow;
			sourceTree = "<group>";
		};
		F4F7A02723B0FE8F00B8EB16 /* Protocols */ = {
			isa = PBXGroup;
			children = (
				F4F7A02823B0FEA700B8EB16 /* HomeViewControllerNavigationDelegate.swift */,
				F40C515B23B2844C00293AAB /* MenuBarParentDelegate.swift */,
			);
			path = Protocols;
			sourceTree = "<group>";
		};
/* End PBXGroup section */

/* Begin PBXNativeTarget section */
		F44055D023A65E710062F44C /* Youtube */ = {
			isa = PBXNativeTarget;
			buildConfigurationList = F44055E523A65E710062F44C /* Build configuration list for PBXNativeTarget "Youtube" */;
			buildPhases = (
				E9B6FCEBF4A6D07A4373FA2A /* [CP] Check Pods Manifest.lock */,
				F44055CD23A65E710062F44C /* Sources */,
				F44055CE23A65E710062F44C /* Frameworks */,
				F44055CF23A65E710062F44C /* Resources */,
				B157FCD3B3BD5EDC1B31B954 /* [CP] Embed Pods Frameworks */,
			);
			buildRules = (
			);
			dependencies = (
			);
			name = Youtube;
			productName = Youtube;
			productReference = F44055D123A65E710062F44C /* Youtube.app */;
			productType = "com.apple.product-type.application";
		};
/* End PBXNativeTarget section */

/* Begin PBXProject section */
		F44055C923A65E710062F44C /* Project object */ = {
			isa = PBXProject;
			attributes = {
				LastSwiftUpdateCheck = 1100;
				LastUpgradeCheck = 1100;
				ORGANIZATIONNAME = "Julio Collado";
				TargetAttributes = {
					F44055D023A65E710062F44C = {
						CreatedOnToolsVersion = 11.0;
					};
				};
			};
			buildConfigurationList = F44055CC23A65E710062F44C /* Build configuration list for PBXProject "Youtube" */;
			compatibilityVersion = "Xcode 9.3";
			developmentRegion = en;
			hasScannedForEncodings = 0;
			knownRegions = (
				en,
				Base,
			);
			mainGroup = F44055C823A65E710062F44C;
			productRefGroup = F44055D223A65E710062F44C /* Products */;
			projectDirPath = "";
			projectRoot = "";
			targets = (
				F44055D023A65E710062F44C /* Youtube */,
			);
		};
/* End PBXProject section */

/* Begin PBXResourcesBuildPhase section */
		F44055CF23A65E710062F44C /* Resources */ = {
			isa = PBXResourcesBuildPhase;
			buildActionMask = 2147483647;
			files = (
				F427F9FF23B58D2700A16562 /* trending.json in Resources */,
				F44055E123A65E710062F44C /* LaunchScreen.storyboard in Resources */,
				F44055DE23A65E710062F44C /* Assets.xcassets in Resources */,
				F4072C4C23AD446800BA0D8C /* home.json in Resources */,
				F427F9FE23B58D2700A16562 /* subscriptions.json in Resources */,
				F44055DC23A65E710062F44C /* Main.storyboard in Resources */,
			);
			runOnlyForDeploymentPostprocessing = 0;
		};
/* End PBXResourcesBuildPhase section */

/* Begin PBXShellScriptBuildPhase section */
		B157FCD3B3BD5EDC1B31B954 /* [CP] Embed Pods Frameworks */ = {
			isa = PBXShellScriptBuildPhase;
			buildActionMask = 2147483647;
			files = (
			);
			inputFileListPaths = (
			);
			inputPaths = (
				"${SRCROOT}/Pods/Target Support Files/Pods-Youtube/Pods-Youtube-frameworks.sh",
				"${BUILT_PRODUCTS_DIR}/Alamofire/Alamofire.framework",
			);
			name = "[CP] Embed Pods Frameworks";
			outputFileListPaths = (
			);
			outputPaths = (
				"${TARGET_BUILD_DIR}/${FRAMEWORKS_FOLDER_PATH}/Alamofire.framework",
			);
			runOnlyForDeploymentPostprocessing = 0;
			shellPath = /bin/sh;
			shellScript = "\"${SRCROOT}/Pods/Target Support Files/Pods-Youtube/Pods-Youtube-frameworks.sh\"\n";
			showEnvVarsInLog = 0;
		};
		E9B6FCEBF4A6D07A4373FA2A /* [CP] Check Pods Manifest.lock */ = {
			isa = PBXShellScriptBuildPhase;
			buildActionMask = 2147483647;
			files = (
			);
			inputFileListPaths = (
			);
			inputPaths = (
				"${PODS_PODFILE_DIR_PATH}/Podfile.lock",
				"${PODS_ROOT}/Manifest.lock",
			);
			name = "[CP] Check Pods Manifest.lock";
			outputFileListPaths = (
			);
			outputPaths = (
				"$(DERIVED_FILE_DIR)/Pods-Youtube-checkManifestLockResult.txt",
			);
			runOnlyForDeploymentPostprocessing = 0;
			shellPath = /bin/sh;
			shellScript = "diff \"${PODS_PODFILE_DIR_PATH}/Podfile.lock\" \"${PODS_ROOT}/Manifest.lock\" > /dev/null\nif [ $? != 0 ] ; then\n    # print error to STDERR\n    echo \"error: The sandbox is not in sync with the Podfile.lock. Run 'pod install' or update your CocoaPods installation.\" >&2\n    exit 1\nfi\n# This output is used by Xcode 'outputs' to avoid re-running this script phase.\necho \"SUCCESS\" > \"${SCRIPT_OUTPUT_FILE_0}\"\n";
			showEnvVarsInLog = 0;
		};
/* End PBXShellScriptBuildPhase section */

/* Begin PBXSourcesBuildPhase section */
		F44055CD23A65E710062F44C /* Sources */ = {
			isa = PBXSourcesBuildPhase;
			buildActionMask = 2147483647;
			files = (
				F44055E923A664E00062F44C /* HomeViewController.swift in Sources */,
				F4828C8B23ADB7DF0047481C /* VideoAPIClientManager.swift in Sources */,
				F4072C4A23AD05EA00BA0D8C /* Channel.swift in Sources */,
				F41CF1D123ABEFA9003DDD0B /* MenuBarOptions.swift in Sources */,
				F4F7A02B23B1007E00B8EB16 /* BaseMenuViewController.swift in Sources */,
				F4D61EBB23AECB5B001D9596 /* ImageAPI.swift in Sources */,
				F44055D523A65E710062F44C /* AppDelegate.swift in Sources */,
				F40C515C23B2844C00293AAB /* MenuBarParentDelegate.swift in Sources */,
				F40C516023B4DFB300293AAB /* TrendingCollectionViewCell.swift in Sources */,
				F4828C8923ADB70A0047481C /* Result.swift in Sources */,
				F4828C8723ADB4AF0047481C /* AlamofireRequest.swift in Sources */,
				F41CF1CF23ABE738003DDD0B /* BaseCollectionViewCell.swift in Sources */,
				F44055F223A669010062F44C /* VideoCollectionViewCell.swift in Sources */,
				F41CF1CD23ABE6A5003DDD0B /* MenuCollectionViewCell.swift in Sources */,
				F4D61EB923AECA59001D9596 /* ImageClientManager.swift in Sources */,
				F40C516423B4F11000293AAB /* LibraryCollectionViewCell.swift in Sources */,
				F4828C8E23ADB81A0047481C /* VideoAPI.swift in Sources */,
				F4F7A02423B0FBB400B8EB16 /* HelpViewController.swift in Sources */,
				F4F7A02623B0FBC400B8EB16 /* SwitchAccountViewController.swift in Sources */,
				F445D37523A6782B0066B916 /* UIView_Extension.swift in Sources */,
				F40C515E23B3AC5A00293AAB /* FeedCollectionViewCell.swift in Sources */,
				F4072C4823ACF9A600BA0D8C /* Video.swift in Sources */,
				F44055D723A65E710062F44C /* SceneDelegate.swift in Sources */,
				F4F7A02923B0FEA700B8EB16 /* HomeViewControllerNavigationDelegate.swift in Sources */,
				F4DE58FE23B01868006B7478 /* SettingsMenuOptions.swift in Sources */,
				F4DE58FC23B00F68006B7478 /* SetttingsCollectionViewCell.swift in Sources */,
				F4DE58FA23AFF195006B7478 /* SettingsLauncher.swift in Sources */,
				F43CF58623ABB25300A02973 /* MenuBar.swift in Sources */,
				F40C516223B4F0FB00293AAB /* SubscriptionsCollectionViewCell.swift in Sources */,
				F4F7A01B23B0F9FF00B8EB16 /* NavigationBuilder.swift in Sources */,
				F490A0B023AEF22D000E40B1 /* UIImageViewLoader.swift in Sources */,
				F4F7A02023B0FB9800B8EB16 /* PolicyViewController.swift in Sources */,
				F4F7A02223B0FBA600B8EB16 /* FeedbackViewController.swift in Sources */,
				F43CF58323ABAC5E00A02973 /* UIColor_Extension.swift in Sources */,
				F4F7A01E23B0FB7B00B8EB16 /* SettingsViewController.swift in Sources */,
			);
			runOnlyForDeploymentPostprocessing = 0;
		};
/* End PBXSourcesBuildPhase section */

/* Begin PBXVariantGroup section */
		F44055DA23A65E710062F44C /* Main.storyboard */ = {
			isa = PBXVariantGroup;
			children = (
				F44055DB23A65E710062F44C /* Base */,
			);
			name = Main.storyboard;
			sourceTree = "<group>";
		};
		F44055DF23A65E710062F44C /* LaunchScreen.storyboard */ = {
			isa = PBXVariantGroup;
			children = (
				F44055E023A65E710062F44C /* Base */,
			);
			name = LaunchScreen.storyboard;
			sourceTree = "<group>";
		};
/* End PBXVariantGroup section */

/* Begin XCBuildConfiguration section */
		F44055E323A65E710062F44C /* Debug */ = {
			isa = XCBuildConfiguration;
			buildSettings = {
				ALWAYS_SEARCH_USER_PATHS = NO;
				CLANG_ANALYZER_NONNULL = YES;
				CLANG_ANALYZER_NUMBER_OBJECT_CONVERSION = YES_AGGRESSIVE;
				CLANG_CXX_LANGUAGE_STANDARD = "gnu++14";
				CLANG_CXX_LIBRARY = "libc++";
				CLANG_ENABLE_MODULES = YES;
				CLANG_ENABLE_OBJC_ARC = YES;
				CLANG_ENABLE_OBJC_WEAK = YES;
				CLANG_WARN_BLOCK_CAPTURE_AUTORELEASING = YES;
				CLANG_WARN_BOOL_CONVERSION = YES;
				CLANG_WARN_COMMA = YES;
				CLANG_WARN_CONSTANT_CONVERSION = YES;
				CLANG_WARN_DEPRECATED_OBJC_IMPLEMENTATIONS = YES;
				CLANG_WARN_DIRECT_OBJC_ISA_USAGE = YES_ERROR;
				CLANG_WARN_DOCUMENTATION_COMMENTS = YES;
				CLANG_WARN_EMPTY_BODY = YES;
				CLANG_WARN_ENUM_CONVERSION = YES;
				CLANG_WARN_INFINITE_RECURSION = YES;
				CLANG_WARN_INT_CONVERSION = YES;
				CLANG_WARN_NON_LITERAL_NULL_CONVERSION = YES;
				CLANG_WARN_OBJC_IMPLICIT_RETAIN_SELF = YES;
				CLANG_WARN_OBJC_LITERAL_CONVERSION = YES;
				CLANG_WARN_OBJC_ROOT_CLASS = YES_ERROR;
				CLANG_WARN_RANGE_LOOP_ANALYSIS = YES;
				CLANG_WARN_STRICT_PROTOTYPES = YES;
				CLANG_WARN_SUSPICIOUS_MOVE = YES;
				CLANG_WARN_UNGUARDED_AVAILABILITY = YES_AGGRESSIVE;
				CLANG_WARN_UNREACHABLE_CODE = YES;
				CLANG_WARN__DUPLICATE_METHOD_MATCH = YES;
				COPY_PHASE_STRIP = NO;
				DEBUG_INFORMATION_FORMAT = dwarf;
				ENABLE_STRICT_OBJC_MSGSEND = YES;
				ENABLE_TESTABILITY = YES;
				GCC_C_LANGUAGE_STANDARD = gnu11;
				GCC_DYNAMIC_NO_PIC = NO;
				GCC_NO_COMMON_BLOCKS = YES;
				GCC_OPTIMIZATION_LEVEL = 0;
				GCC_PREPROCESSOR_DEFINITIONS = (
					"DEBUG=1",
					"$(inherited)",
				);
				GCC_WARN_64_TO_32_BIT_CONVERSION = YES;
				GCC_WARN_ABOUT_RETURN_TYPE = YES_ERROR;
				GCC_WARN_UNDECLARED_SELECTOR = YES;
				GCC_WARN_UNINITIALIZED_AUTOS = YES_AGGRESSIVE;
				GCC_WARN_UNUSED_FUNCTION = YES;
				GCC_WARN_UNUSED_VARIABLE = YES;
				IPHONEOS_DEPLOYMENT_TARGET = 13.0;
				MTL_ENABLE_DEBUG_INFO = INCLUDE_SOURCE;
				MTL_FAST_MATH = YES;
				ONLY_ACTIVE_ARCH = YES;
				SDKROOT = iphoneos;
				SWIFT_ACTIVE_COMPILATION_CONDITIONS = DEBUG;
				SWIFT_OPTIMIZATION_LEVEL = "-Onone";
			};
			name = Debug;
		};
		F44055E423A65E710062F44C /* Release */ = {
			isa = XCBuildConfiguration;
			buildSettings = {
				ALWAYS_SEARCH_USER_PATHS = NO;
				CLANG_ANALYZER_NONNULL = YES;
				CLANG_ANALYZER_NUMBER_OBJECT_CONVERSION = YES_AGGRESSIVE;
				CLANG_CXX_LANGUAGE_STANDARD = "gnu++14";
				CLANG_CXX_LIBRARY = "libc++";
				CLANG_ENABLE_MODULES = YES;
				CLANG_ENABLE_OBJC_ARC = YES;
				CLANG_ENABLE_OBJC_WEAK = YES;
				CLANG_WARN_BLOCK_CAPTURE_AUTORELEASING = YES;
				CLANG_WARN_BOOL_CONVERSION = YES;
				CLANG_WARN_COMMA = YES;
				CLANG_WARN_CONSTANT_CONVERSION = YES;
				CLANG_WARN_DEPRECATED_OBJC_IMPLEMENTATIONS = YES;
				CLANG_WARN_DIRECT_OBJC_ISA_USAGE = YES_ERROR;
				CLANG_WARN_DOCUMENTATION_COMMENTS = YES;
				CLANG_WARN_EMPTY_BODY = YES;
				CLANG_WARN_ENUM_CONVERSION = YES;
				CLANG_WARN_INFINITE_RECURSION = YES;
				CLANG_WARN_INT_CONVERSION = YES;
				CLANG_WARN_NON_LITERAL_NULL_CONVERSION = YES;
				CLANG_WARN_OBJC_IMPLICIT_RETAIN_SELF = YES;
				CLANG_WARN_OBJC_LITERAL_CONVERSION = YES;
				CLANG_WARN_OBJC_ROOT_CLASS = YES_ERROR;
				CLANG_WARN_RANGE_LOOP_ANALYSIS = YES;
				CLANG_WARN_STRICT_PROTOTYPES = YES;
				CLANG_WARN_SUSPICIOUS_MOVE = YES;
				CLANG_WARN_UNGUARDED_AVAILABILITY = YES_AGGRESSIVE;
				CLANG_WARN_UNREACHABLE_CODE = YES;
				CLANG_WARN__DUPLICATE_METHOD_MATCH = YES;
				COPY_PHASE_STRIP = NO;
				DEBUG_INFORMATION_FORMAT = "dwarf-with-dsym";
				ENABLE_NS_ASSERTIONS = NO;
				ENABLE_STRICT_OBJC_MSGSEND = YES;
				GCC_C_LANGUAGE_STANDARD = gnu11;
				GCC_NO_COMMON_BLOCKS = YES;
				GCC_WARN_64_TO_32_BIT_CONVERSION = YES;
				GCC_WARN_ABOUT_RETURN_TYPE = YES_ERROR;
				GCC_WARN_UNDECLARED_SELECTOR = YES;
				GCC_WARN_UNINITIALIZED_AUTOS = YES_AGGRESSIVE;
				GCC_WARN_UNUSED_FUNCTION = YES;
				GCC_WARN_UNUSED_VARIABLE = YES;
				IPHONEOS_DEPLOYMENT_TARGET = 13.0;
				MTL_ENABLE_DEBUG_INFO = NO;
				MTL_FAST_MATH = YES;
				SDKROOT = iphoneos;
				SWIFT_COMPILATION_MODE = wholemodule;
				SWIFT_OPTIMIZATION_LEVEL = "-O";
				VALIDATE_PRODUCT = YES;
			};
			name = Release;
		};
		F44055E623A65E710062F44C /* Debug */ = {
			isa = XCBuildConfiguration;
			baseConfigurationReference = F56AB1295A2E5D9FD34C8CA0 /* Pods-Youtube.debug.xcconfig */;
			buildSettings = {
				ASSETCATALOG_COMPILER_APPICON_NAME = AppIcon;
				CODE_SIGN_STYLE = Automatic;
				DEVELOPMENT_TEAM = ACA42AA29E;
				INFOPLIST_FILE = Youtube/Resources/Info.plist;
				IPHONEOS_DEPLOYMENT_TARGET = 11.0;
				LD_RUNPATH_SEARCH_PATHS = (
					"$(inherited)",
					"@executable_path/Frameworks",
				);
				PRODUCT_BUNDLE_IDENTIFIER = com.jcollado.Youtube;
				PRODUCT_NAME = "$(TARGET_NAME)";
				SWIFT_VERSION = 5.0;
				TARGETED_DEVICE_FAMILY = 1;
			};
			name = Debug;
		};
		F44055E723A65E710062F44C /* Release */ = {
			isa = XCBuildConfiguration;
			baseConfigurationReference = 0F5F3D01372C0A5584212322 /* Pods-Youtube.release.xcconfig */;
			buildSettings = {
				ASSETCATALOG_COMPILER_APPICON_NAME = AppIcon;
				CODE_SIGN_STYLE = Automatic;
				DEVELOPMENT_TEAM = ACA42AA29E;
				INFOPLIST_FILE = Youtube/Resources/Info.plist;
				IPHONEOS_DEPLOYMENT_TARGET = 11.0;
				LD_RUNPATH_SEARCH_PATHS = (
					"$(inherited)",
					"@executable_path/Frameworks",
				);
				PRODUCT_BUNDLE_IDENTIFIER = com.jcollado.Youtube;
				PRODUCT_NAME = "$(TARGET_NAME)";
				SWIFT_VERSION = 5.0;
				TARGETED_DEVICE_FAMILY = 1;
			};
			name = Release;
		};
/* End XCBuildConfiguration section */

/* Begin XCConfigurationList section */
		F44055CC23A65E710062F44C /* Build configuration list for PBXProject "Youtube" */ = {
			isa = XCConfigurationList;
			buildConfigurations = (
				F44055E323A65E710062F44C /* Debug */,
				F44055E423A65E710062F44C /* Release */,
			);
			defaultConfigurationIsVisible = 0;
			defaultConfigurationName = Release;
		};
		F44055E523A65E710062F44C /* Build configuration list for PBXNativeTarget "Youtube" */ = {
			isa = XCConfigurationList;
			buildConfigurations = (
				F44055E623A65E710062F44C /* Debug */,
				F44055E723A65E710062F44C /* Release */,
			);
			defaultConfigurationIsVisible = 0;
			defaultConfigurationName = Release;
		};
/* End XCConfigurationList section */
	};
	rootObject = F44055C923A65E710062F44C /* Project object */;
}
