// !$*UTF8*$!
{
	archiveVersion = 1;
	classes = {
	};
	objectVersion = 50;
	objects = {

/* Begin PBXBuildFile section */
		F44055D523A65E710062F44C /* AppDelegate.swift in Sources */ = {isa = PBXBuildFile; fileRef = F44055D423A65E710062F44C /* AppDelegate.swift */; };
		F44055D723A65E710062F44C /* SceneDelegate.swift in Sources */ = {isa = PBXBuildFile; fileRef = F44055D623A65E710062F44C /* SceneDelegate.swift */; };
		F44055DC23A65E710062F44C /* Main.storyboard in Resources */ = {isa = PBXBuildFile; fileRef = F44055DA23A65E710062F44C /* Main.storyboard */; };
		F44055DE23A65E710062F44C /* Assets.xcassets in Resources */ = {isa = PBXBuildFile; fileRef = F44055DD23A65E710062F44C /* Assets.xcassets */; };
		F44055E123A65E710062F44C /* LaunchScreen.storyboard in Resources */ = {isa = PBXBuildFile; fileRef = F44055DF23A65E710062F44C /* LaunchScreen.storyboard */; };
		F44055E923A664E00062F44C /* HomeViewController.swift in Sources */ = {isa = PBXBuildFile; fileRef = F44055E823A664E00062F44C /* HomeViewController.swift */; };
		F44055F223A669010062F44C /* VideoCollectionViewCell.swift in Sources */ = {isa = PBXBuildFile; fileRef = F44055F123A669010062F44C /* VideoCollectionViewCell.swift */; };
		F445D37523A6782B0066B916 /* UIView_Extension.swift in Sources */ = {isa = PBXBuildFile; fileRef = F445D37423A6782B0066B916 /* UIView_Extension.swift */; };
/* End PBXBuildFile section */

/* Begin PBXFileReference section */
		F44055D123A65E710062F44C /* Youtube.app */ = {isa = PBXFileReference; explicitFileType = wrapper.application; includeInIndex = 0; path = Youtube.app; sourceTree = BUILT_PRODUCTS_DIR; };
		F44055D423A65E710062F44C /* AppDelegate.swift */ = {isa = PBXFileReference; lastKnownFileType = sourcecode.swift; path = AppDelegate.swift; sourceTree = "<group>"; };
		F44055D623A65E710062F44C /* SceneDelegate.swift */ = {isa = PBXFileReference; lastKnownFileType = sourcecode.swift; path = SceneDelegate.swift; sourceTree = "<group>"; };
		F44055DB23A65E710062F44C /* Base */ = {isa = PBXFileReference; lastKnownFileType = file.storyboard; name = Base; path = Base.lproj/Main.storyboard; sourceTree = "<group>"; };
		F44055DD23A65E710062F44C /* Assets.xcassets */ = {isa = PBXFileReference; lastKnownFileType = folder.assetcatalog; path = Assets.xcassets; sourceTree = "<group>"; };
		F44055E023A65E710062F44C /* Base */ = {isa = PBXFileReference; lastKnownFileType = file.storyboard; name = Base; path = Base.lproj/LaunchScreen.storyboard; sourceTree = "<group>"; };
		F44055E223A65E710062F44C /* Info.plist */ = {isa = PBXFileReference; lastKnownFileType = text.plist.xml; path = Info.plist; sourceTree = "<group>"; };
		F44055E823A664E00062F44C /* HomeViewController.swift */ = {isa = PBXFileReference; lastKnownFileType = sourcecode.swift; path = HomeViewController.swift; sourceTree = "<group>"; };
		F44055F123A669010062F44C /* VideoCollectionViewCell.swift */ = {isa = PBXFileReference; lastKnownFileType = sourcecode.swift; path = VideoCollectionViewCell.swift; sourceTree = "<group>"; };
		F445D37423A6782B0066B916 /* UIView_Extension.swift */ = {isa = PBXFileReference; lastKnownFileType = sourcecode.swift; path = UIView_Extension.swift; sourceTree = "<group>"; };
/* End PBXFileReference section */

/* Begin PBXFrameworksBuildPhase section */
		F44055CE23A65E710062F44C /* Frameworks */ = {
			isa = PBXFrameworksBuildPhase;
			buildActionMask = 2147483647;
			files = (
			);
			runOnlyForDeploymentPostprocessing = 0;
		};
/* End PBXFrameworksBuildPhase section */

/* Begin PBXGroup section */
		F44055C823A65E710062F44C = {
			isa = PBXGroup;
			children = (
				F44055D323A65E710062F44C /* Youtube */,
				F44055D223A65E710062F44C /* Products */,
			);
			sourceTree = "<group>";
		};
		F44055D223A65E710062F44C /* Products */ = {
			isa = PBXGroup;
			children = (
				F44055D123A65E710062F44C /* Youtube.app */,
			);
			name = Products;
			sourceTree = "<group>";
		};
		F44055D323A65E710062F44C /* Youtube */ = {
			isa = PBXGroup;
			children = (
				F44055EE23A6684E0062F44C /* Common */,
				F44055ED23A668470062F44C /* Resources */,
				F44055EC23A6682F0062F44C /* Model */,
				F44055EB23A6682A0062F44C /* View */,
				F44055EA23A668190062F44C /* Controller */,
			);
			path = Youtube;
			sourceTree = "<group>";
		};
		F44055EA23A668190062F44C /* Controller */ = {
			isa = PBXGroup;
			children = (
				F44055F023A668A40062F44C /* Cell */,
				F44055D423A65E710062F44C /* AppDelegate.swift */,
				F44055D623A65E710062F44C /* SceneDelegate.swift */,
				F44055E823A664E00062F44C /* HomeViewController.swift */,
			);
			path = Controller;
			sourceTree = "<group>";
		};
		F44055EB23A6682A0062F44C /* View */ = {
			isa = PBXGroup;
			children = (
				F44055EF23A668590062F44C /* StoryBoards */,
			);
			path = View;
			sourceTree = "<group>";
		};
		F44055EC23A6682F0062F44C /* Model */ = {
			isa = PBXGroup;
			children = (
			);
			path = Model;
			sourceTree = "<group>";
		};
		F44055ED23A668470062F44C /* Resources */ = {
			isa = PBXGroup;
			children = (
				F44055DD23A65E710062F44C /* Assets.xcassets */,
				F44055E223A65E710062F44C /* Info.plist */,
			);
			path = Resources;
			sourceTree = "<group>";
		};
		F44055EE23A6684E0062F44C /* Common */ = {
			isa = PBXGroup;
			children = (
				F445D37323A6780E0066B916 /* Extensions */,
			);
			path = Common;
			sourceTree = "<group>";
		};
		F44055EF23A668590062F44C /* StoryBoards */ = {
			isa = PBXGroup;
			children = (
				F44055DA23A65E710062F44C /* Main.storyboard */,
				F44055DF23A65E710062F44C /* LaunchScreen.storyboard */,
			);
			path = StoryBoards;
			sourceTree = "<group>";
		};
		F44055F023A668A40062F44C /* Cell */ = {
			isa = PBXGroup;
			children = (
				F44055F123A669010062F44C /* VideoCollectionViewCell.swift */,
			);
			path = Cell;
			sourceTree = "<group>";
		};
		F445D37323A6780E0066B916 /* Extensions */ = {
			isa = PBXGroup;
			children = (
				F445D37423A6782B0066B916 /* UIView_Extension.swift */,
			);
			path = Extensions;
			sourceTree = "<group>";
		};
/* End PBXGroup section */

/* Begin PBXNativeTarget section */
		F44055D023A65E710062F44C /* Youtube */ = {
			isa = PBXNativeTarget;
			buildConfigurationList = F44055E523A65E710062F44C /* Build configuration list for PBXNativeTarget "Youtube" */;
			buildPhases = (
				F44055CD23A65E710062F44C /* Sources */,
				F44055CE23A65E710062F44C /* Frameworks */,
				F44055CF23A65E710062F44C /* Resources */,
			);
			buildRules = (
			);
			dependencies = (
			);
			name = Youtube;
			productName = Youtube;
			productReference = F44055D123A65E710062F44C /* Youtube.app */;
			productType = "com.apple.product-type.application";
		};
/* End PBXNativeTarget section */

/* Begin PBXProject section */
		F44055C923A65E710062F44C /* Project object */ = {
			isa = PBXProject;
			attributes = {
				LastSwiftUpdateCheck = 1100;
				LastUpgradeCheck = 1100;
				ORGANIZATIONNAME = "Julio Collado";
				TargetAttributes = {
					F44055D023A65E710062F44C = {
						CreatedOnToolsVersion = 11.0;
					};
				};
			};
			buildConfigurationList = F44055CC23A65E710062F44C /* Build configuration list for PBXProject "Youtube" */;
			compatibilityVersion = "Xcode 9.3";
			developmentRegion = en;
			hasScannedForEncodings = 0;
			knownRegions = (
				en,
				Base,
			);
			mainGroup = F44055C823A65E710062F44C;
			productRefGroup = F44055D223A65E710062F44C /* Products */;
			projectDirPath = "";
			projectRoot = "";
			targets = (
				F44055D023A65E710062F44C /* Youtube */,
			);
		};
/* End PBXProject section */

/* Begin PBXResourcesBuildPhase section */
		F44055CF23A65E710062F44C /* Resources */ = {
			isa = PBXResourcesBuildPhase;
			buildActionMask = 2147483647;
			files = (
				F44055E123A65E710062F44C /* LaunchScreen.storyboard in Resources */,
				F44055DE23A65E710062F44C /* Assets.xcassets in Resources */,
				F44055DC23A65E710062F44C /* Main.storyboard in Resources */,
			);
			runOnlyForDeploymentPostprocessing = 0;
		};
/* End PBXResourcesBuildPhase section */

/* Begin PBXSourcesBuildPhase section */
		F44055CD23A65E710062F44C /* Sources */ = {
			isa = PBXSourcesBuildPhase;
			buildActionMask = 2147483647;
			files = (
				F44055E923A664E00062F44C /* HomeViewController.swift in Sources */,
				F44055D523A65E710062F44C /* AppDelegate.swift in Sources */,
				F44055F223A669010062F44C /* VideoCollectionViewCell.swift in Sources */,
				F445D37523A6782B0066B916 /* UIView_Extension.swift in Sources */,
				F44055D723A65E710062F44C /* SceneDelegate.swift in Sources */,
			);
			runOnlyForDeploymentPostprocessing = 0;
		};
/* End PBXSourcesBuildPhase section */

/* Begin PBXVariantGroup section */
		F44055DA23A65E710062F44C /* Main.storyboard */ = {
			isa = PBXVariantGroup;
			children = (
				F44055DB23A65E710062F44C /* Base */,
			);
			name = Main.storyboard;
			sourceTree = "<group>";
		};
		F44055DF23A65E710062F44C /* LaunchScreen.storyboard */ = {
			isa = PBXVariantGroup;
			children = (
				F44055E023A65E710062F44C /* Base */,
			);
			name = LaunchScreen.storyboard;
			sourceTree = "<group>";
		};
/* End PBXVariantGroup section */

/* Begin XCBuildConfiguration section */
		F44055E323A65E710062F44C /* Debug */ = {
			isa = XCBuildConfiguration;
			buildSettings = {
				ALWAYS_SEARCH_USER_PATHS = NO;
				CLANG_ANALYZER_NONNULL = YES;
				CLANG_ANALYZER_NUMBER_OBJECT_CONVERSION = YES_AGGRESSIVE;
				CLANG_CXX_LANGUAGE_STANDARD = "gnu++14";
				CLANG_CXX_LIBRARY = "libc++";
				CLANG_ENABLE_MODULES = YES;
				CLANG_ENABLE_OBJC_ARC = YES;
				CLANG_ENABLE_OBJC_WEAK = YES;
				CLANG_WARN_BLOCK_CAPTURE_AUTORELEASING = YES;
				CLANG_WARN_BOOL_CONVERSION = YES;
				CLANG_WARN_COMMA = YES;
				CLANG_WARN_CONSTANT_CONVERSION = YES;
				CLANG_WARN_DEPRECATED_OBJC_IMPLEMENTATIONS = YES;
				CLANG_WARN_DIRECT_OBJC_ISA_USAGE = YES_ERROR;
				CLANG_WARN_DOCUMENTATION_COMMENTS = YES;
				CLANG_WARN_EMPTY_BODY = YES;
				CLANG_WARN_ENUM_CONVERSION = YES;
				CLANG_WARN_INFINITE_RECURSION = YES;
				CLANG_WARN_INT_CONVERSION = YES;
				CLANG_WARN_NON_LITERAL_NULL_CONVERSION = YES;
				CLANG_WARN_OBJC_IMPLICIT_RETAIN_SELF = YES;
				CLANG_WARN_OBJC_LITERAL_CONVERSION = YES;
				CLANG_WARN_OBJC_ROOT_CLASS = YES_ERROR;
				CLANG_WARN_RANGE_LOOP_ANALYSIS = YES;
				CLANG_WARN_STRICT_PROTOTYPES = YES;
				CLANG_WARN_SUSPICIOUS_MOVE = YES;
				CLANG_WARN_UNGUARDED_AVAILABILITY = YES_AGGRESSIVE;
				CLANG_WARN_UNREACHABLE_CODE = YES;
				CLANG_WARN__DUPLICATE_METHOD_MATCH = YES;
				COPY_PHASE_STRIP = NO;
				DEBUG_INFORMATION_FORMAT = dwarf;
				ENABLE_STRICT_OBJC_MSGSEND = YES;
				ENABLE_TESTABILITY = YES;
				GCC_C_LANGUAGE_STANDARD = gnu11;
				GCC_DYNAMIC_NO_PIC = NO;
				GCC_NO_COMMON_BLOCKS = YES;
				GCC_OPTIMIZATION_LEVEL = 0;
				GCC_PREPROCESSOR_DEFINITIONS = (
					"DEBUG=1",
					"$(inherited)",
				);
				GCC_WARN_64_TO_32_BIT_CONVERSION = YES;
				GCC_WARN_ABOUT_RETURN_TYPE = YES_ERROR;
				GCC_WARN_UNDECLARED_SELECTOR = YES;
				GCC_WARN_UNINITIALIZED_AUTOS = YES_AGGRESSIVE;
				GCC_WARN_UNUSED_FUNCTION = YES;
				GCC_WARN_UNUSED_VARIABLE = YES;
				IPHONEOS_DEPLOYMENT_TARGET = 13.0;
				MTL_ENABLE_DEBUG_INFO = INCLUDE_SOURCE;
				MTL_FAST_MATH = YES;
				ONLY_ACTIVE_ARCH = YES;
				SDKROOT = iphoneos;
				SWIFT_ACTIVE_COMPILATION_CONDITIONS = DEBUG;
				SWIFT_OPTIMIZATION_LEVEL = "-Onone";
			};
			name = Debug;
		};
		F44055E423A65E710062F44C /* Release */ = {
			isa = XCBuildConfiguration;
			buildSettings = {
				ALWAYS_SEARCH_USER_PATHS = NO;
				CLANG_ANALYZER_NONNULL = YES;
				CLANG_ANALYZER_NUMBER_OBJECT_CONVERSION = YES_AGGRESSIVE;
				CLANG_CXX_LANGUAGE_STANDARD = "gnu++14";
				CLANG_CXX_LIBRARY = "libc++";
				CLANG_ENABLE_MODULES = YES;
				CLANG_ENABLE_OBJC_ARC = YES;
				CLANG_ENABLE_OBJC_WEAK = YES;
				CLANG_WARN_BLOCK_CAPTURE_AUTORELEASING = YES;
				CLANG_WARN_BOOL_CONVERSION = YES;
				CLANG_WARN_COMMA = YES;
				CLANG_WARN_CONSTANT_CONVERSION = YES;
				CLANG_WARN_DEPRECATED_OBJC_IMPLEMENTATIONS = YES;
				CLANG_WARN_DIRECT_OBJC_ISA_USAGE = YES_ERROR;
				CLANG_WARN_DOCUMENTATION_COMMENTS = YES;
				CLANG_WARN_EMPTY_BODY = YES;
				CLANG_WARN_ENUM_CONVERSION = YES;
				CLANG_WARN_INFINITE_RECURSION = YES;
				CLANG_WARN_INT_CONVERSION = YES;
				CLANG_WARN_NON_LITERAL_NULL_CONVERSION = YES;
				CLANG_WARN_OBJC_IMPLICIT_RETAIN_SELF = YES;
				CLANG_WARN_OBJC_LITERAL_CONVERSION = YES;
				CLANG_WARN_OBJC_ROOT_CLASS = YES_ERROR;
				CLANG_WARN_RANGE_LOOP_ANALYSIS = YES;
				CLANG_WARN_STRICT_PROTOTYPES = YES;
				CLANG_WARN_SUSPICIOUS_MOVE = YES;
				CLANG_WARN_UNGUARDED_AVAILABILITY = YES_AGGRESSIVE;
				CLANG_WARN_UNREACHABLE_CODE = YES;
				CLANG_WARN__DUPLICATE_METHOD_MATCH = YES;
				COPY_PHASE_STRIP = NO;
				DEBUG_INFORMATION_FORMAT = "dwarf-with-dsym";
				ENABLE_NS_ASSERTIONS = NO;
				ENABLE_STRICT_OBJC_MSGSEND = YES;
				GCC_C_LANGUAGE_STANDARD = gnu11;
				GCC_NO_COMMON_BLOCKS = YES;
				GCC_WARN_64_TO_32_BIT_CONVERSION = YES;
				GCC_WARN_ABOUT_RETURN_TYPE = YES_ERROR;
				GCC_WARN_UNDECLARED_SELECTOR = YES;
				GCC_WARN_UNINITIALIZED_AUTOS = YES_AGGRESSIVE;
				GCC_WARN_UNUSED_FUNCTION = YES;
				GCC_WARN_UNUSED_VARIABLE = YES;
				IPHONEOS_DEPLOYMENT_TARGET = 13.0;
				MTL_ENABLE_DEBUG_INFO = NO;
				MTL_FAST_MATH = YES;
				SDKROOT = iphoneos;
				SWIFT_COMPILATION_MODE = wholemodule;
				SWIFT_OPTIMIZATION_LEVEL = "-O";
				VALIDATE_PRODUCT = YES;
			};
			name = Release;
		};
		F44055E623A65E710062F44C /* Debug */ = {
			isa = XCBuildConfiguration;
			buildSettings = {
				ASSETCATALOG_COMPILER_APPICON_NAME = AppIcon;
				CODE_SIGN_STYLE = Automatic;
				DEVELOPMENT_TEAM = ACA42AA29E;
				INFOPLIST_FILE = Youtube/Resources/Info.plist;
				IPHONEOS_DEPLOYMENT_TARGET = 11.0;
				LD_RUNPATH_SEARCH_PATHS = (
					"$(inherited)",
					"@executable_path/Frameworks",
				);
				PRODUCT_BUNDLE_IDENTIFIER = com.jcollado.Youtube;
				PRODUCT_NAME = "$(TARGET_NAME)";
				SWIFT_VERSION = 5.0;
				TARGETED_DEVICE_FAMILY = 1;
			};
			name = Debug;
		};
		F44055E723A65E710062F44C /* Release */ = {
			isa = XCBuildConfiguration;
			buildSettings = {
				ASSETCATALOG_COMPILER_APPICON_NAME = AppIcon;
				CODE_SIGN_STYLE = Automatic;
				DEVELOPMENT_TEAM = ACA42AA29E;
				INFOPLIST_FILE = Youtube/Resources/Info.plist;
				IPHONEOS_DEPLOYMENT_TARGET = 11.0;
				LD_RUNPATH_SEARCH_PATHS = (
					"$(inherited)",
					"@executable_path/Frameworks",
				);
				PRODUCT_BUNDLE_IDENTIFIER = com.jcollado.Youtube;
				PRODUCT_NAME = "$(TARGET_NAME)";
				SWIFT_VERSION = 5.0;
				TARGETED_DEVICE_FAMILY = 1;
			};
			name = Release;
		};
/* End XCBuildConfiguration section */

/* Begin XCConfigurationList section */
		F44055CC23A65E710062F44C /* Build configuration list for PBXProject "Youtube" */ = {
			isa = XCConfigurationList;
			buildConfigurations = (
				F44055E323A65E710062F44C /* Debug */,
				F44055E423A65E710062F44C /* Release */,
			);
			defaultConfigurationIsVisible = 0;
			defaultConfigurationName = Release;
		};
		F44055E523A65E710062F44C /* Build configuration list for PBXNativeTarget "Youtube" */ = {
			isa = XCConfigurationList;
			buildConfigurations = (
				F44055E623A65E710062F44C /* Debug */,
				F44055E723A65E710062F44C /* Release */,
			);
			defaultConfigurationIsVisible = 0;
			defaultConfigurationName = Release;
		};
/* End XCConfigurationList section */
	};
	rootObject = F44055C923A65E710062F44C /* Project object */;
}
